
Microsoft Visual Studio Solution File, Format Version 12.00
# Visual Studio Version 17
VisualStudioVersion = 17.4.33110.190
MinimumVisualStudioVersion = 10.0.40219.1
Project("{FAE04EC0-301F-11D3-BF4B-00C04F79EFBC}") = "EFCrud", "EFCrud\EFCrud.csproj", "{6AFB9551-CC9E-4197-AE16-4CA83B27FD74}"
EndProject
Global
	GlobalSection(SolutionConfigurationPlatforms) = preSolution
		Debug|Any CPU = Debug|Any CPU
		Release|Any CPU = Release|Any CPU
	EndGlobalSection
	GlobalSection(ProjectConfigurationPlatforms) = postSolution
		{6AFB9551-CC9E-4197-AE16-4CA83B27FD74}.Debug|Any CPU.ActiveCfg = Debug|Any CPU
		{6AFB9551-CC9E-4197-AE16-4CA83B27FD74}.Debug|Any CPU.Build.0 = Debug|Any CPU
		{6AFB9551-CC9E-4197-AE16-4CA83B27FD74}.Release|Any CPU.ActiveCfg = Release|Any CPU
		{6AFB9551-CC9E-4197-AE16-4CA83B27FD74}.Release|Any CPU.Build.0 = Release|Any CPU
	EndGlobalSection
	GlobalSection(SolutionProperties) = preSolution
		HideSolutionNode = FALSE
	EndGlobalSection
	GlobalSection(ExtensibilityGlobals) = postSolution
		SolutionGuid = {6C40BB01-D443-4C70-AADC-5FC5A142425B}
	EndGlobalSection
EndGlobal
